
Microsoft Visual Studio Solution File, Format Version 12.00
# Visual Studio Version 16
VisualStudioVersion = 16.0.31624.102
MinimumVisualStudioVersion = 10.0.40219.1
Project("{FAE04EC0-301F-11D3-BF4B-00C04F79EFBC}") = "A1.Android", "A1.Android\A1.Android.csproj", "{E5676A95-F6C4-485B-BE59-0BF0CC740279}"
EndProject
Project("{FAE04EC0-301F-11D3-BF4B-00C04F79EFBC}") = "A1.iOS", "A1.iOS\A1.iOS.csproj", "{EB6A4966-C151-4846-934D-45A6CDD9A771}"
EndProject
Project("{9A19103F-16F7-4668-BE54-9A1E7A4F7556}") = "A1", "A1\A1.csproj", "{B7C4FB0D-A844-478A-97E3-1A1AF0B91789}"
EndProject
Global
	GlobalSection(SolutionConfigurationPlatforms) = preSolution
		Debug|Any CPU = Debug|Any CPU
		Debug|iPhone = Debug|iPhone
		Debug|iPhoneSimulator = Debug|iPhoneSimulator
		Release|Any CPU = Release|Any CPU
		Release|iPhone = Release|iPhone
		Release|iPhoneSimulator = Release|iPhoneSimulator
	EndGlobalSection
	GlobalSection(ProjectConfigurationPlatforms) = postSolution
		{E5676A95-F6C4-485B-BE59-0BF0CC740279}.Debug|Any CPU.ActiveCfg = Debug|Any CPU
		{E5676A95-F6C4-485B-BE59-0BF0CC740279}.Debug|Any CPU.Build.0 = Debug|Any CPU
		{E5676A95-F6C4-485B-BE59-0BF0CC740279}.Debug|Any CPU.Deploy.0 = Debug|Any CPU
		{E5676A95-F6C4-485B-BE59-0BF0CC740279}.Debug|iPhone.ActiveCfg = Debug|Any CPU
		{E5676A95-F6C4-485B-BE59-0BF0CC740279}.Debug|iPhone.Build.0 = Debug|Any CPU
		{E5676A95-F6C4-485B-BE59-0BF0CC740279}.Debug|iPhone.Deploy.0 = Debug|Any CPU
		{E5676A95-F6C4-485B-BE59-0BF0CC740279}.Debug|iPhoneSimulator.ActiveCfg = Debug|Any CPU
		{E5676A95-F6C4-485B-BE59-0BF0CC740279}.Debug|iPhoneSimulator.Build.0 = Debug|Any CPU
		{E5676A95-F6C4-485B-BE59-0BF0CC740279}.Debug|iPhoneSimulator.Deploy.0 = Debug|Any CPU
		{E5676A95-F6C4-485B-BE59-0BF0CC740279}.Release|Any CPU.ActiveCfg = Release|Any CPU
		{E5676A95-F6C4-485B-BE59-0BF0CC740279}.Release|Any CPU.Build.0 = Release|Any CPU
		{E5676A95-F6C4-485B-BE59-0BF0CC740279}.Release|Any CPU.Deploy.0 = Release|Any CPU
		{E5676A95-F6C4-485B-BE59-0BF0CC740279}.Release|iPhone.ActiveCfg = Release|Any CPU
		{E5676A95-F6C4-485B-BE59-0BF0CC740279}.Release|iPhone.Build.0 = Release|Any CPU
		{E5676A95-F6C4-485B-BE59-0BF0CC740279}.Release|iPhone.Deploy.0 = Release|Any CPU
		{E5676A95-F6C4-485B-BE59-0BF0CC740279}.Release|iPhoneSimulator.ActiveCfg = Release|Any CPU
		{E5676A95-F6C4-485B-BE59-0BF0CC740279}.Release|iPhoneSimulator.Build.0 = Release|Any CPU
		{E5676A95-F6C4-485B-BE59-0BF0CC740279}.Release|iPhoneSimulator.Deploy.0 = Release|Any CPU
		{EB6A4966-C151-4846-934D-45A6CDD9A771}.Debug|Any CPU.ActiveCfg = Debug|iPhone
		{EB6A4966-C151-4846-934D-45A6CDD9A771}.Debug|Any CPU.Build.0 = Debug|iPhone
		{EB6A4966-C151-4846-934D-45A6CDD9A771}.Debug|Any CPU.Deploy.0 = Debug|iPhone
		{EB6A4966-C151-4846-934D-45A6CDD9A771}.Debug|iPhone.ActiveCfg = Debug|iPhone
		{EB6A4966-C151-4846-934D-45A6CDD9A771}.Debug|iPhone.Build.0 = Debug|iPhone
		{EB6A4966-C151-4846-934D-45A6CDD9A771}.Debug|iPhone.Deploy.0 = Debug|iPhone
		{EB6A4966-C151-4846-934D-45A6CDD9A771}.Debug|iPhoneSimulator.ActiveCfg = Debug|iPhoneSimulator
		{EB6A4966-C151-4846-934D-45A6CDD9A771}.Debug|iPhoneSimulator.Build.0 = Debug|iPhoneSimulator
		{EB6A4966-C151-4846-934D-45A6CDD9A771}.Debug|iPhoneSimulator.Deploy.0 = Debug|iPhoneSimulator
		{EB6A4966-C151-4846-934D-45A6CDD9A771}.Release|Any CPU.ActiveCfg = Release|iPhoneSimulator
		{EB6A4966-C151-4846-934D-45A6CDD9A771}.Release|Any CPU.Build.0 = Release|iPhoneSimulator
		{EB6A4966-C151-4846-934D-45A6CDD9A771}.Release|Any CPU.Deploy.0 = Release|iPhoneSimulator
		{EB6A4966-C151-4846-934D-45A6CDD9A771}.Release|iPhone.ActiveCfg = Release|iPhone
		{EB6A4966-C151-4846-934D-45A6CDD9A771}.Release|iPhone.Build.0 = Release|iPhone
		{EB6A4966-C151-4846-934D-45A6CDD9A771}.Release|iPhone.Deploy.0 = Release|iPhone
		{EB6A4966-C151-4846-934D-45A6CDD9A771}.Release|iPhoneSimulator.ActiveCfg = Release|iPhoneSimulator
		{EB6A4966-C151-4846-934D-45A6CDD9A771}.Release|iPhoneSimulator.Build.0 = Release|iPhoneSimulator
		{EB6A4966-C151-4846-934D-45A6CDD9A771}.Release|iPhoneSimulator.Deploy.0 = Release|iPhoneSimulator
		{B7C4FB0D-A844-478A-97E3-1A1AF0B91789}.Debug|Any CPU.ActiveCfg = Debug|Any CPU
		{B7C4FB0D-A844-478A-97E3-1A1AF0B91789}.Debug|Any CPU.Build.0 = Debug|Any CPU
		{B7C4FB0D-A844-478A-97E3-1A1AF0B91789}.Debug|Any CPU.Deploy.0 = Debug|Any CPU
		{B7C4FB0D-A844-478A-97E3-1A1AF0B91789}.Debug|iPhone.ActiveCfg = Debug|Any CPU
		{B7C4FB0D-A844-478A-97E3-1A1AF0B91789}.Debug|iPhone.Build.0 = Debug|Any CPU
		{B7C4FB0D-A844-478A-97E3-1A1AF0B91789}.Debug|iPhone.Deploy.0 = Debug|Any CPU
		{B7C4FB0D-A844-478A-97E3-1A1AF0B91789}.Debug|iPhoneSimulator.ActiveCfg = Debug|Any CPU
		{B7C4FB0D-A844-478A-97E3-1A1AF0B91789}.Debug|iPhoneSimulator.Build.0 = Debug|Any CPU
		{B7C4FB0D-A844-478A-97E3-1A1AF0B91789}.Debug|iPhoneSimulator.Deploy.0 = Debug|Any CPU
		{B7C4FB0D-A844-478A-97E3-1A1AF0B91789}.Release|Any CPU.ActiveCfg = Release|Any CPU
		{B7C4FB0D-A844-478A-97E3-1A1AF0B91789}.Release|Any CPU.Build.0 = Release|Any CPU
		{B7C4FB0D-A844-478A-97E3-1A1AF0B91789}.Release|Any CPU.Deploy.0 = Release|Any CPU
		{B7C4FB0D-A844-478A-97E3-1A1AF0B91789}.Release|iPhone.ActiveCfg = Release|Any CPU
		{B7C4FB0D-A844-478A-97E3-1A1AF0B91789}.Release|iPhone.Build.0 = Release|Any CPU
		{B7C4FB0D-A844-478A-97E3-1A1AF0B91789}.Release|iPhone.Deploy.0 = Release|Any CPU
		{B7C4FB0D-A844-478A-97E3-1A1AF0B91789}.Release|iPhoneSimulator.ActiveCfg = Release|Any CPU
		{B7C4FB0D-A844-478A-97E3-1A1AF0B91789}.Release|iPhoneSimulator.Build.0 = Release|Any CPU
		{B7C4FB0D-A844-478A-97E3-1A1AF0B91789}.Release|iPhoneSimulator.Deploy.0 = Release|Any CPU
	EndGlobalSection
	GlobalSection(SolutionProperties) = preSolution
		HideSolutionNode = FALSE
	EndGlobalSection
	GlobalSection(ExtensibilityGlobals) = postSolution
		SolutionGuid = {3A98EE8A-2F7B-41E5-A485-6B3AF03FCCFA}
	EndGlobalSection
EndGlobal
